
Microsoft Visual Studio Solution File, Format Version 12.00
Project("{FAE04EC0-301F-11D3-BF4B-00C04F79EFBC}") = "HttpMock", "src\HttpMock\HttpMock.csproj", "{5741944C-5CB8-493F-9EBA-388A93707326}"
EndProject
Project("{FAE04EC0-301F-11D3-BF4B-00C04F79EFBC}") = "HttpMock.Tests", "tests\HttpMock.Tests\HttpMock.Tests.csproj", "{BFC0F0E7-705D-4640-9141-BEFAF893EA7D}"
EndProject
Global
	GlobalSection(SolutionConfigurationPlatforms) = preSolution
		Debug|Any CPU = Debug|Any CPU
		Release|Any CPU = Release|Any CPU
	EndGlobalSection
	GlobalSection(ProjectConfigurationPlatforms) = postSolution
		{5741944C-5CB8-493F-9EBA-388A93707326}.Debug|Any CPU.ActiveCfg = Debug|Any CPU
		{5741944C-5CB8-493F-9EBA-388A93707326}.Debug|Any CPU.Build.0 = Debug|Any CPU
		{5741944C-5CB8-493F-9EBA-388A93707326}.Release|Any CPU.ActiveCfg = Release|Any CPU
		{5741944C-5CB8-493F-9EBA-388A93707326}.Release|Any CPU.Build.0 = Release|Any CPU
		{BFC0F0E7-705D-4640-9141-BEFAF893EA7D}.Debug|Any CPU.ActiveCfg = Debug|Any CPU
		{BFC0F0E7-705D-4640-9141-BEFAF893EA7D}.Debug|Any CPU.Build.0 = Debug|Any CPU
		{BFC0F0E7-705D-4640-9141-BEFAF893EA7D}.Release|Any CPU.ActiveCfg = Release|Any CPU
		{BFC0F0E7-705D-4640-9141-BEFAF893EA7D}.Release|Any CPU.Build.0 = Release|Any CPU
	EndGlobalSection
EndGlobal
